github.com/gin-gonic/gin v1.7.4/go.mod h1:GnCcEaM8sgwRfHsLn+yGjKgT+sLRr2W71q3Hk1YQ2M0=
github.com/gin-gonic/gin v1.7.4/go.mod h1:GnCcEaM8sgwRfHsLn+yGjKgT+sLRr2W71q3Hk1YQ2M0=
github.com/gin-gonic/gin v1.7.4/go.mod h1:GnCcEaM8sgwRfHsLn+yGjKgT+sLRr2W71q3Hk1YQ2M0=
github.com/gin-gonic/gin v1.7.4/go.mod h1:GnCcEaM8sgwRfHsLn+yGjKgT+sLRr2W71q3Hk1YQ2M0=
github.com/gin-gonic/gin v1.7.4 h1:dR06Igi+P9XmCfAAYs80mZwDnbGXX/eUPHAPrZe/tSw=
github.com/gin-gonic/gin v1.7.4/go.mod h1:GnCcEaM8sgwRfHsLn+yGjKgT+sLRr2W71q3Hk1YQ2M0=
golang.org/x/net v0.0.0-20220310222824-7f2f8191b312 h1:GCKfzCjPhAZ0oISpx0oEh/nBtZrqB0q5qsgvBdSkbrc=
golang.org/x/net v0.0.0-20220310222824-7f2f8191b312/go.mod h1:H8F+LHROKQzWeezaMf4J4HxGZ9XKjFDTRqw+PmF8lBA=
